
Microsoft Visual Studio Solution File, Format Version 12.00
# Visual Studio Version 17
VisualStudioVersion = 17.3.32929.385
MinimumVisualStudioVersion = 10.0.40219.1
Project("{FAE04EC0-301F-11D3-BF4B-00C04F79EFBC}") = "MoodAnalyserProblem", "MoodAnalyserProblem.csproj", "{C66DDF0B-F3CF-4C66-90BD-5CF83BFFAC21}"
EndProject
Project("{FAE04EC0-301F-11D3-BF4B-00C04F79EFBC}") = "MoodAnalyserTest", "..\MoodAnalyserTest\MoodAnalyserTest.csproj", "{BDE3222D-DA73-4938-9D7E-6FE14066977C}"
EndProject
Global
	GlobalSection(SolutionConfigurationPlatforms) = preSolution
		Debug|Any CPU = Debug|Any CPU
		Release|Any CPU = Release|Any CPU
	EndGlobalSection
	GlobalSection(ProjectConfigurationPlatforms) = postSolution
		{C66DDF0B-F3CF-4C66-90BD-5CF83BFFAC21}.Debug|Any CPU.ActiveCfg = Debug|Any CPU
		{C66DDF0B-F3CF-4C66-90BD-5CF83BFFAC21}.Debug|Any CPU.Build.0 = Debug|Any CPU
		{C66DDF0B-F3CF-4C66-90BD-5CF83BFFAC21}.Release|Any CPU.ActiveCfg = Release|Any CPU
		{C66DDF0B-F3CF-4C66-90BD-5CF83BFFAC21}.Release|Any CPU.Build.0 = Release|Any CPU
		{BDE3222D-DA73-4938-9D7E-6FE14066977C}.Debug|Any CPU.ActiveCfg = Debug|Any CPU
		{BDE3222D-DA73-4938-9D7E-6FE14066977C}.Debug|Any CPU.Build.0 = Debug|Any CPU
		{BDE3222D-DA73-4938-9D7E-6FE14066977C}.Release|Any CPU.ActiveCfg = Release|Any CPU
		{BDE3222D-DA73-4938-9D7E-6FE14066977C}.Release|Any CPU.Build.0 = Release|Any CPU
	EndGlobalSection
	GlobalSection(SolutionProperties) = preSolution
		HideSolutionNode = FALSE
	EndGlobalSection
	GlobalSection(ExtensibilityGlobals) = postSolution
		SolutionGuid = {A80F2F03-7724-43BD-988E-C0AB46E3C478}
	EndGlobalSection
EndGlobal
